
Microsoft Visual Studio Solution File, Format Version 12.00
# Visual Studio 14
VisualStudioVersion = 14.0.25420.1
MinimumVisualStudioVersion = 10.0.40219.1
Project("{FAE04EC0-301F-11D3-BF4B-00C04F79EFBC}") = "GramDominatorCore", "..\gramdominator-library\GramDominatorCore\GramDominatorCore.csproj", "{B04813EA-A4B5-40AE-B705-743687F74770}"
EndProject
Project("{FAE04EC0-301F-11D3-BF4B-00C04F79EFBC}") = "GramDominatorUI", "..\gramdominator-library\GramDominatorUI\GramDominatorUI.csproj", "{317A142C-6AE2-4CC1-90A7-5752B9ED76F3}"
EndProject
Project("{FAE04EC0-301F-11D3-BF4B-00C04F79EFBC}") = "DataBaseConnectionCodeFirst", "DataBaseConnectionCodeFirst\DataBaseConnectionCodeFirst.csproj", "{86643B31-B55D-435F-8AF5-75542DD8FCCB}"
EndProject
Project("{FAE04EC0-301F-11D3-BF4B-00C04F79EFBC}") = "DominatorHouse", "DominatorHouse\DominatorHouse.csproj", "{C7B598E7-4B31-4A92-9B53-022A25E50002}"
EndProject
Project("{FAE04EC0-301F-11D3-BF4B-00C04F79EFBC}") = "DominatorHouseCore", "DominatorHouseCore\DominatorHouseCore.csproj", "{F40A5C83-8EDA-43C5-88B9-DFAAB492A497}"
EndProject
Project("{FAE04EC0-301F-11D3-BF4B-00C04F79EFBC}") = "DominatorUIUtility", "DominatorUIUtility\DominatorUIUtility.csproj", "{E8D95AF0-E99B-4059-9140-5C02B3F52E06}"
EndProject
Global
	GlobalSection(SolutionConfigurationPlatforms) = preSolution
		Debug|Any CPU = Debug|Any CPU
		Debug|x86 = Debug|x86
		Debug-fast-test|Any CPU = Debug-fast-test|Any CPU
		Debug-fast-test|x86 = Debug-fast-test|x86
		Release|Any CPU = Release|Any CPU
		Release|x86 = Release|x86
	EndGlobalSection
	GlobalSection(ProjectConfigurationPlatforms) = postSolution
		{B04813EA-A4B5-40AE-B705-743687F74770}.Debug|Any CPU.ActiveCfg = Debug|x86
		{B04813EA-A4B5-40AE-B705-743687F74770}.Debug|Any CPU.Build.0 = Debug|x86
		{B04813EA-A4B5-40AE-B705-743687F74770}.Debug|x86.ActiveCfg = Debug|x86
		{B04813EA-A4B5-40AE-B705-743687F74770}.Debug|x86.Build.0 = Debug|x86
		{B04813EA-A4B5-40AE-B705-743687F74770}.Debug-fast-test|Any CPU.ActiveCfg = Debug-fast-test|x86
		{B04813EA-A4B5-40AE-B705-743687F74770}.Debug-fast-test|Any CPU.Build.0 = Debug-fast-test|x86
		{B04813EA-A4B5-40AE-B705-743687F74770}.Debug-fast-test|x86.ActiveCfg = Debug-fast-test|x86
		{B04813EA-A4B5-40AE-B705-743687F74770}.Debug-fast-test|x86.Build.0 = Debug-fast-test|x86
		{B04813EA-A4B5-40AE-B705-743687F74770}.Release|Any CPU.ActiveCfg = Release|Any CPU
		{B04813EA-A4B5-40AE-B705-743687F74770}.Release|Any CPU.Build.0 = Release|Any CPU
		{B04813EA-A4B5-40AE-B705-743687F74770}.Release|x86.ActiveCfg = Release|x86
		{B04813EA-A4B5-40AE-B705-743687F74770}.Release|x86.Build.0 = Release|x86
		{317A142C-6AE2-4CC1-90A7-5752B9ED76F3}.Debug|Any CPU.ActiveCfg = Debug|x86
		{317A142C-6AE2-4CC1-90A7-5752B9ED76F3}.Debug|Any CPU.Build.0 = Debug|x86
		{317A142C-6AE2-4CC1-90A7-5752B9ED76F3}.Debug|x86.ActiveCfg = Debug|x86
		{317A142C-6AE2-4CC1-90A7-5752B9ED76F3}.Debug|x86.Build.0 = Debug|x86
		{317A142C-6AE2-4CC1-90A7-5752B9ED76F3}.Debug-fast-test|Any CPU.ActiveCfg = Debug-fast-test|x86
		{317A142C-6AE2-4CC1-90A7-5752B9ED76F3}.Debug-fast-test|Any CPU.Build.0 = Debug-fast-test|x86
		{317A142C-6AE2-4CC1-90A7-5752B9ED76F3}.Debug-fast-test|x86.ActiveCfg = Debug-fast-test|x86
		{317A142C-6AE2-4CC1-90A7-5752B9ED76F3}.Debug-fast-test|x86.Build.0 = Debug-fast-test|x86
		{317A142C-6AE2-4CC1-90A7-5752B9ED76F3}.Release|Any CPU.ActiveCfg = Release|Any CPU
		{317A142C-6AE2-4CC1-90A7-5752B9ED76F3}.Release|Any CPU.Build.0 = Release|Any CPU
		{317A142C-6AE2-4CC1-90A7-5752B9ED76F3}.Release|x86.ActiveCfg = Release|x86
		{317A142C-6AE2-4CC1-90A7-5752B9ED76F3}.Release|x86.Build.0 = Release|x86
		{86643B31-B55D-435F-8AF5-75542DD8FCCB}.Debug|Any CPU.ActiveCfg = Debug|Any CPU
		{86643B31-B55D-435F-8AF5-75542DD8FCCB}.Debug|Any CPU.Build.0 = Debug|Any CPU
		{86643B31-B55D-435F-8AF5-75542DD8FCCB}.Debug|x86.ActiveCfg = Debug|x86
		{86643B31-B55D-435F-8AF5-75542DD8FCCB}.Debug|x86.Build.0 = Debug|x86
		{86643B31-B55D-435F-8AF5-75542DD8FCCB}.Debug-fast-test|Any CPU.ActiveCfg = Debug-fast-test|Any CPU
		{86643B31-B55D-435F-8AF5-75542DD8FCCB}.Debug-fast-test|Any CPU.Build.0 = Debug-fast-test|Any CPU
		{86643B31-B55D-435F-8AF5-75542DD8FCCB}.Debug-fast-test|x86.ActiveCfg = Debug-fast-test|x86
		{86643B31-B55D-435F-8AF5-75542DD8FCCB}.Debug-fast-test|x86.Build.0 = Debug-fast-test|x86
		{86643B31-B55D-435F-8AF5-75542DD8FCCB}.Release|Any CPU.ActiveCfg = Release|Any CPU
		{86643B31-B55D-435F-8AF5-75542DD8FCCB}.Release|Any CPU.Build.0 = Release|Any CPU
		{86643B31-B55D-435F-8AF5-75542DD8FCCB}.Release|x86.ActiveCfg = Release|x86
		{86643B31-B55D-435F-8AF5-75542DD8FCCB}.Release|x86.Build.0 = Release|x86
		{C7B598E7-4B31-4A92-9B53-022A25E50002}.Debug|Any CPU.ActiveCfg = Debug|Any CPU
		{C7B598E7-4B31-4A92-9B53-022A25E50002}.Debug|Any CPU.Build.0 = Debug|Any CPU
		{C7B598E7-4B31-4A92-9B53-022A25E50002}.Debug|x86.ActiveCfg = Debug|x86
		{C7B598E7-4B31-4A92-9B53-022A25E50002}.Debug|x86.Build.0 = Debug|x86
		{C7B598E7-4B31-4A92-9B53-022A25E50002}.Debug-fast-test|Any CPU.ActiveCfg = Debug-fast-test|Any CPU
		{C7B598E7-4B31-4A92-9B53-022A25E50002}.Debug-fast-test|Any CPU.Build.0 = Debug-fast-test|Any CPU
		{C7B598E7-4B31-4A92-9B53-022A25E50002}.Debug-fast-test|x86.ActiveCfg = Debug-fast-test|x86
		{C7B598E7-4B31-4A92-9B53-022A25E50002}.Debug-fast-test|x86.Build.0 = Debug-fast-test|x86
		{C7B598E7-4B31-4A92-9B53-022A25E50002}.Release|Any CPU.ActiveCfg = Release|Any CPU
		{C7B598E7-4B31-4A92-9B53-022A25E50002}.Release|Any CPU.Build.0 = Release|Any CPU
		{C7B598E7-4B31-4A92-9B53-022A25E50002}.Release|x86.ActiveCfg = Release|x86
		{C7B598E7-4B31-4A92-9B53-022A25E50002}.Release|x86.Build.0 = Release|x86
		{F40A5C83-8EDA-43C5-88B9-DFAAB492A497}.Debug|Any CPU.ActiveCfg = Debug|Any CPU
		{F40A5C83-8EDA-43C5-88B9-DFAAB492A497}.Debug|Any CPU.Build.0 = Debug|Any CPU
		{F40A5C83-8EDA-43C5-88B9-DFAAB492A497}.Debug|x86.ActiveCfg = Debug|x86
		{F40A5C83-8EDA-43C5-88B9-DFAAB492A497}.Debug|x86.Build.0 = Debug|x86
		{F40A5C83-8EDA-43C5-88B9-DFAAB492A497}.Debug-fast-test|Any CPU.ActiveCfg = Debug-fast-test|Any CPU
		{F40A5C83-8EDA-43C5-88B9-DFAAB492A497}.Debug-fast-test|Any CPU.Build.0 = Debug-fast-test|Any CPU
		{F40A5C83-8EDA-43C5-88B9-DFAAB492A497}.Debug-fast-test|x86.ActiveCfg = Debug-fast-test|x86
		{F40A5C83-8EDA-43C5-88B9-DFAAB492A497}.Debug-fast-test|x86.Build.0 = Debug-fast-test|x86
		{F40A5C83-8EDA-43C5-88B9-DFAAB492A497}.Release|Any CPU.ActiveCfg = Release|Any CPU
		{F40A5C83-8EDA-43C5-88B9-DFAAB492A497}.Release|Any CPU.Build.0 = Release|Any CPU
		{F40A5C83-8EDA-43C5-88B9-DFAAB492A497}.Release|x86.ActiveCfg = Release|x86
		{F40A5C83-8EDA-43C5-88B9-DFAAB492A497}.Release|x86.Build.0 = Release|x86
		{E8D95AF0-E99B-4059-9140-5C02B3F52E06}.Debug|Any CPU.ActiveCfg = Debug|Any CPU
		{E8D95AF0-E99B-4059-9140-5C02B3F52E06}.Debug|Any CPU.Build.0 = Debug|Any CPU
		{E8D95AF0-E99B-4059-9140-5C02B3F52E06}.Debug|x86.ActiveCfg = Debug|x86
		{E8D95AF0-E99B-4059-9140-5C02B3F52E06}.Debug|x86.Build.0 = Debug|x86
		{E8D95AF0-E99B-4059-9140-5C02B3F52E06}.Debug-fast-test|Any CPU.ActiveCfg = Debug-fast-test|Any CPU
		{E8D95AF0-E99B-4059-9140-5C02B3F52E06}.Debug-fast-test|Any CPU.Build.0 = Debug-fast-test|Any CPU
		{E8D95AF0-E99B-4059-9140-5C02B3F52E06}.Debug-fast-test|x86.ActiveCfg = Debug-fast-test|x86
		{E8D95AF0-E99B-4059-9140-5C02B3F52E06}.Debug-fast-test|x86.Build.0 = Debug-fast-test|x86
		{E8D95AF0-E99B-4059-9140-5C02B3F52E06}.Release|Any CPU.ActiveCfg = Release|Any CPU
		{E8D95AF0-E99B-4059-9140-5C02B3F52E06}.Release|Any CPU.Build.0 = Release|Any CPU
		{E8D95AF0-E99B-4059-9140-5C02B3F52E06}.Release|x86.ActiveCfg = Release|x86
		{E8D95AF0-E99B-4059-9140-5C02B3F52E06}.Release|x86.Build.0 = Release|x86
	EndGlobalSection
	GlobalSection(SolutionProperties) = preSolution
		HideSolutionNode = FALSE
	EndGlobalSection
	GlobalSection(ExtensibilityGlobals) = postSolution
		EnterpriseLibraryConfigurationToolBinariesPathV6 = packages\EnterpriseLibrary.TransientFaultHandling.6.0.1304.0\lib\portable-net45+win+wp8;packages\EnterpriseLibrary.TransientFaultHandling.Data.6.0.1304.1\lib\NET45
	EndGlobalSection
EndGlobal
