
Microsoft Visual Studio Solution File, Format Version 12.00
# Visual Studio Version 17
VisualStudioVersion = 17.12.35506.116
MinimumVisualStudioVersion = 10.0.40219.1
Project("{FAE04EC0-301F-11D3-BF4B-00C04F79EFBC}") = "DominatorHouseCore", "DominatorHouseCore\DominatorHouseCore.csproj", "{F40A5C83-8EDA-43C5-88B9-DFAAB492A497}"
EndProject
Project("{FAE04EC0-301F-11D3-BF4B-00C04F79EFBC}") = "EmbeddedBrowser", "EmbeddedBrowser\EmbeddedBrowser.csproj", "{21F00635-AAF7-466B-9214-A830EA9C8963}"
EndProject
Project("{FAE04EC0-301F-11D3-BF4B-00C04F79EFBC}") = "DominatorUIUtility", "DominatorUIUtility\DominatorUIUtility.csproj", "{E8D95AF0-E99B-4059-9140-5C02B3F52E06}"
EndProject
Project("{FAE04EC0-301F-11D3-BF4B-00C04F79EFBC}") = "TwtDominatorCore", "..\twtdominator-library\TwtDominatorCore\TwtDominatorCore.csproj", "{E41BF7D2-231F-4D58-AD45-95F7146E1979}"
EndProject
Project("{FAE04EC0-301F-11D3-BF4B-00C04F79EFBC}") = "TwtDominatorUI", "..\twtdominator-library\TwtDominatorUI\TwtDominatorUI.csproj", "{B91D5616-EAFD-4BF8-AAF5-051675592714}"
EndProject
Project("{FAE04EC0-301F-11D3-BF4B-00C04F79EFBC}") = "QuoraDominatorCore", "..\quoradominator-library\QuoraDominatorCore\QuoraDominatorCore.csproj", "{21B1D90E-F201-4EF0-B4E9-A99315945F1D}"
EndProject
Project("{FAE04EC0-301F-11D3-BF4B-00C04F79EFBC}") = "QuoraDominatorUI", "..\quoradominator-library\QuoraDominatorUI\QuoraDominatorUI.csproj", "{164CDDCD-DB12-4998-B822-3ADC9C8A7072}"
EndProject
Project("{FAE04EC0-301F-11D3-BF4B-00C04F79EFBC}") = "FaceDominatorCore", "..\facedominator-library\FaceDominatorCore\FaceDominatorCore.csproj", "{36F8A922-028E-49DD-BBD6-D7DAAB339491}"
EndProject
Project("{FAE04EC0-301F-11D3-BF4B-00C04F79EFBC}") = "FaceDominatorUI", "..\facedominator-library\FaceDominatorUI\FaceDominatorUI.csproj", "{1C0BEB70-F243-4A53-983E-CE25A1B722F6}"
EndProject
Project("{FAE04EC0-301F-11D3-BF4B-00C04F79EFBC}") = "GramDominatorCore", "..\gramdominator-library\GramDominatorCore\GramDominatorCore.csproj", "{B04813EA-A4B5-40AE-B705-743687F74770}"
EndProject
Project("{FAE04EC0-301F-11D3-BF4B-00C04F79EFBC}") = "GramDominatorUI", "..\gramdominator-library\GramDominatorUI\GramDominatorUI.csproj", "{317A142C-6AE2-4CC1-90A7-5752B9ED76F3}"
EndProject
Project("{FAE04EC0-301F-11D3-BF4B-00C04F79EFBC}") = "LinkedDominatorCore", "..\linkeddominator-library\LinkedDominatorCore\LinkedDominatorCore.csproj", "{9DF3CAC5-0C31-49F0-A71E-27B9CEFC6553}"
EndProject
Project("{FAE04EC0-301F-11D3-BF4B-00C04F79EFBC}") = "LinkedDominatorUI", "..\linkeddominator-library\LinkedDominatorUI\LinkedDominatorUI.csproj", "{8A858CD7-7834-4365-8F4D-4FAA0361DE7F}"
EndProject
Project("{FAE04EC0-301F-11D3-BF4B-00C04F79EFBC}") = "PinDominatorUI", "..\pindominator-library\PinDominator\PinDominatorUI.csproj", "{107CEBC6-409B-47CA-A248-4A5E03D86E66}"
EndProject
Project("{FAE04EC0-301F-11D3-BF4B-00C04F79EFBC}") = "PinDominatorCore", "..\pindominator-library\PinDominatorCore\PinDominatorCore.csproj", "{68EF34BF-36C9-4E33-9ACD-7B9D7B746F29}"
EndProject
Project("{FAE04EC0-301F-11D3-BF4B-00C04F79EFBC}") = "RedditDominatorCore", "..\reddit-dominator-library\RedditDominatorCore\RedditDominatorCore.csproj", "{6D1BC42E-FFEA-4F4A-9375-328D0DE7269D}"
EndProject
Project("{FAE04EC0-301F-11D3-BF4B-00C04F79EFBC}") = "RedditDominatorUI", "..\reddit-dominator-library\RedditDominatorUI\RedditDominatorUI.csproj", "{30754F3C-6EBC-4021-B0B7-53EA312DA707}"
EndProject
Project("{FAE04EC0-301F-11D3-BF4B-00C04F79EFBC}") = "TumblrDominatorCore", "..\tumblrdominator-library\TumblrDominatorCore\TumblrDominatorCore.csproj", "{5898E952-8C43-40B7-9527-EB814650D50F}"
EndProject
Project("{FAE04EC0-301F-11D3-BF4B-00C04F79EFBC}") = "TumblrDominatorUI", "..\tumblrdominator-library\TumblrDominatorUI\TumblrDominatorUI.csproj", "{82AF3B95-2454-4866-816D-2EE690349EF0}"
EndProject
Project("{FAE04EC0-301F-11D3-BF4B-00C04F79EFBC}") = "YoutubeDominatorCore", "..\youtubedominator-library\YoutubeDominatorCore\YoutubeDominatorCore.csproj", "{9C42C9B5-331E-4EC5-B47F-AE9DA1C89AD6}"
EndProject
Project("{FAE04EC0-301F-11D3-BF4B-00C04F79EFBC}") = "YoutubeDominatorUI", "..\youtubedominator-library\YoutubeDominatorUI\YoutubeDominatorUI.csproj", "{7A02118A-50AC-4ED5-8247-0899782DDD2F}"
EndProject
Project("{FAE04EC0-301F-11D3-BF4B-00C04F79EFBC}") = "TikTokDominatorCore", "..\tiktokdominator-library\TikTokDominatorCore\TikTokDominatorCore.csproj", "{5D2983FF-352B-4F86-896D-86B6FB946539}"
EndProject
Project("{FAE04EC0-301F-11D3-BF4B-00C04F79EFBC}") = "TikTokDominatorUI", "..\tiktokdominator-library\TikTokDominatorUI\TikTokDominatorUI.csproj", "{4BA1344E-047E-4430-B271-771EC4990A3D}"
EndProject
Project("{FAE04EC0-301F-11D3-BF4B-00C04F79EFBC}") = "DominatorHouse", "DominatorHouse\DominatorHouse.csproj", "{C7B598E7-4B31-4A92-9B53-022A25E50002}"
EndProject
Project("{FAE04EC0-301F-11D3-BF4B-00C04F79EFBC}") = "Uninstaller", "Uninstaller\Uninstaller.csproj", "{68595174-3D36-433D-A6A0-00A07A7911FA}"
EndProject
Project("{54435603-DBB4-11D2-8724-00A0C9A8B90C}") = "Socinator", "Socinator\Socinator.vdproj", "{D768367B-CF17-0A11-5BB6-B6D2CBD1EBE7}"
EndProject
Global
	GlobalSection(SolutionConfigurationPlatforms) = preSolution
		Debug|Any CPU = Debug|Any CPU
		Debug|x64 = Debug|x64
		Debug|x86 = Debug|x86
		Debug-fast-test|Any CPU = Debug-fast-test|Any CPU
		Debug-fast-test|x64 = Debug-fast-test|x64
		Debug-fast-test|x86 = Debug-fast-test|x86
		Release|Any CPU = Release|Any CPU
		Release|x64 = Release|x64
		Release|x86 = Release|x86
	EndGlobalSection
	GlobalSection(ProjectConfigurationPlatforms) = postSolution
		{F40A5C83-8EDA-43C5-88B9-DFAAB492A497}.Debug|Any CPU.ActiveCfg = Debug|Any CPU
		{F40A5C83-8EDA-43C5-88B9-DFAAB492A497}.Debug|Any CPU.Build.0 = Debug|Any CPU
		{F40A5C83-8EDA-43C5-88B9-DFAAB492A497}.Debug|x64.ActiveCfg = Debug|Any CPU
		{F40A5C83-8EDA-43C5-88B9-DFAAB492A497}.Debug|x64.Build.0 = Debug|Any CPU
		{F40A5C83-8EDA-43C5-88B9-DFAAB492A497}.Debug|x86.ActiveCfg = Debug|x86
		{F40A5C83-8EDA-43C5-88B9-DFAAB492A497}.Debug|x86.Build.0 = Debug|x86
		{F40A5C83-8EDA-43C5-88B9-DFAAB492A497}.Debug-fast-test|Any CPU.ActiveCfg = Debug-fast-test|Any CPU
		{F40A5C83-8EDA-43C5-88B9-DFAAB492A497}.Debug-fast-test|Any CPU.Build.0 = Debug-fast-test|Any CPU
		{F40A5C83-8EDA-43C5-88B9-DFAAB492A497}.Debug-fast-test|x64.ActiveCfg = Debug-fast-test|Any CPU
		{F40A5C83-8EDA-43C5-88B9-DFAAB492A497}.Debug-fast-test|x64.Build.0 = Debug-fast-test|Any CPU
		{F40A5C83-8EDA-43C5-88B9-DFAAB492A497}.Debug-fast-test|x86.ActiveCfg = Debug-fast-test|x86
		{F40A5C83-8EDA-43C5-88B9-DFAAB492A497}.Debug-fast-test|x86.Build.0 = Debug-fast-test|x86
		{F40A5C83-8EDA-43C5-88B9-DFAAB492A497}.Release|Any CPU.ActiveCfg = Release|Any CPU
		{F40A5C83-8EDA-43C5-88B9-DFAAB492A497}.Release|Any CPU.Build.0 = Release|Any CPU
		{F40A5C83-8EDA-43C5-88B9-DFAAB492A497}.Release|x64.ActiveCfg = Release|Any CPU
		{F40A5C83-8EDA-43C5-88B9-DFAAB492A497}.Release|x64.Build.0 = Release|Any CPU
		{F40A5C83-8EDA-43C5-88B9-DFAAB492A497}.Release|x86.ActiveCfg = Release|x86
		{F40A5C83-8EDA-43C5-88B9-DFAAB492A497}.Release|x86.Build.0 = Release|x86
		{21F00635-AAF7-466B-9214-A830EA9C8963}.Debug|Any CPU.ActiveCfg = Debug|Any CPU
		{21F00635-AAF7-466B-9214-A830EA9C8963}.Debug|Any CPU.Build.0 = Debug|Any CPU
		{21F00635-AAF7-466B-9214-A830EA9C8963}.Debug|x64.ActiveCfg = Debug|x64
		{21F00635-AAF7-466B-9214-A830EA9C8963}.Debug|x64.Build.0 = Debug|x64
		{21F00635-AAF7-466B-9214-A830EA9C8963}.Debug|x86.ActiveCfg = Debug|Any CPU
		{21F00635-AAF7-466B-9214-A830EA9C8963}.Debug|x86.Build.0 = Debug|Any CPU
		{21F00635-AAF7-466B-9214-A830EA9C8963}.Debug-fast-test|Any CPU.ActiveCfg = Debug|Any CPU
		{21F00635-AAF7-466B-9214-A830EA9C8963}.Debug-fast-test|Any CPU.Build.0 = Debug|Any CPU
		{21F00635-AAF7-466B-9214-A830EA9C8963}.Debug-fast-test|x64.ActiveCfg = Debug|x64
		{21F00635-AAF7-466B-9214-A830EA9C8963}.Debug-fast-test|x64.Build.0 = Debug|x64
		{21F00635-AAF7-466B-9214-A830EA9C8963}.Debug-fast-test|x86.ActiveCfg = Debug|Any CPU
		{21F00635-AAF7-466B-9214-A830EA9C8963}.Debug-fast-test|x86.Build.0 = Debug|Any CPU
		{21F00635-AAF7-466B-9214-A830EA9C8963}.Release|Any CPU.ActiveCfg = Release|Any CPU
		{21F00635-AAF7-466B-9214-A830EA9C8963}.Release|Any CPU.Build.0 = Release|Any CPU
		{21F00635-AAF7-466B-9214-A830EA9C8963}.Release|x64.ActiveCfg = Release|x64
		{21F00635-AAF7-466B-9214-A830EA9C8963}.Release|x64.Build.0 = Release|x64
		{21F00635-AAF7-466B-9214-A830EA9C8963}.Release|x86.ActiveCfg = Release|Any CPU
		{21F00635-AAF7-466B-9214-A830EA9C8963}.Release|x86.Build.0 = Release|Any CPU
		{E8D95AF0-E99B-4059-9140-5C02B3F52E06}.Debug|Any CPU.ActiveCfg = Debug|Any CPU
		{E8D95AF0-E99B-4059-9140-5C02B3F52E06}.Debug|Any CPU.Build.0 = Debug|Any CPU
		{E8D95AF0-E99B-4059-9140-5C02B3F52E06}.Debug|x64.ActiveCfg = Debug|Any CPU
		{E8D95AF0-E99B-4059-9140-5C02B3F52E06}.Debug|x64.Build.0 = Debug|Any CPU
		{E8D95AF0-E99B-4059-9140-5C02B3F52E06}.Debug|x86.ActiveCfg = Debug|x86
		{E8D95AF0-E99B-4059-9140-5C02B3F52E06}.Debug|x86.Build.0 = Debug|x86
		{E8D95AF0-E99B-4059-9140-5C02B3F52E06}.Debug-fast-test|Any CPU.ActiveCfg = Debug-fast-test|Any CPU
		{E8D95AF0-E99B-4059-9140-5C02B3F52E06}.Debug-fast-test|Any CPU.Build.0 = Debug-fast-test|Any CPU
		{E8D95AF0-E99B-4059-9140-5C02B3F52E06}.Debug-fast-test|x64.ActiveCfg = Debug-fast-test|Any CPU
		{E8D95AF0-E99B-4059-9140-5C02B3F52E06}.Debug-fast-test|x64.Build.0 = Debug-fast-test|Any CPU
		{E8D95AF0-E99B-4059-9140-5C02B3F52E06}.Debug-fast-test|x86.ActiveCfg = Debug-fast-test|x86
		{E8D95AF0-E99B-4059-9140-5C02B3F52E06}.Debug-fast-test|x86.Build.0 = Debug-fast-test|x86
		{E8D95AF0-E99B-4059-9140-5C02B3F52E06}.Release|Any CPU.ActiveCfg = Release|Any CPU
		{E8D95AF0-E99B-4059-9140-5C02B3F52E06}.Release|Any CPU.Build.0 = Release|Any CPU
		{E8D95AF0-E99B-4059-9140-5C02B3F52E06}.Release|x64.ActiveCfg = Release|Any CPU
		{E8D95AF0-E99B-4059-9140-5C02B3F52E06}.Release|x64.Build.0 = Release|Any CPU
		{E8D95AF0-E99B-4059-9140-5C02B3F52E06}.Release|x86.ActiveCfg = Release|x86
		{E8D95AF0-E99B-4059-9140-5C02B3F52E06}.Release|x86.Build.0 = Release|x86
		{E41BF7D2-231F-4D58-AD45-95F7146E1979}.Debug|Any CPU.ActiveCfg = Debug|Any CPU
		{E41BF7D2-231F-4D58-AD45-95F7146E1979}.Debug|Any CPU.Build.0 = Debug|Any CPU
		{E41BF7D2-231F-4D58-AD45-95F7146E1979}.Debug|x64.ActiveCfg = Debug|Any CPU
		{E41BF7D2-231F-4D58-AD45-95F7146E1979}.Debug|x64.Build.0 = Debug|Any CPU
		{E41BF7D2-231F-4D58-AD45-95F7146E1979}.Debug|x86.ActiveCfg = Debug|Any CPU
		{E41BF7D2-231F-4D58-AD45-95F7146E1979}.Debug|x86.Build.0 = Debug|Any CPU
		{E41BF7D2-231F-4D58-AD45-95F7146E1979}.Debug-fast-test|Any CPU.ActiveCfg = Debug-fast-test|Any CPU
		{E41BF7D2-231F-4D58-AD45-95F7146E1979}.Debug-fast-test|Any CPU.Build.0 = Debug-fast-test|Any CPU
		{E41BF7D2-231F-4D58-AD45-95F7146E1979}.Debug-fast-test|x64.ActiveCfg = Debug-fast-test|Any CPU
		{E41BF7D2-231F-4D58-AD45-95F7146E1979}.Debug-fast-test|x64.Build.0 = Debug-fast-test|Any CPU
		{E41BF7D2-231F-4D58-AD45-95F7146E1979}.Debug-fast-test|x86.ActiveCfg = Debug-fast-test|Any CPU
		{E41BF7D2-231F-4D58-AD45-95F7146E1979}.Debug-fast-test|x86.Build.0 = Debug-fast-test|Any CPU
		{E41BF7D2-231F-4D58-AD45-95F7146E1979}.Release|Any CPU.ActiveCfg = Release|Any CPU
		{E41BF7D2-231F-4D58-AD45-95F7146E1979}.Release|Any CPU.Build.0 = Release|Any CPU
		{E41BF7D2-231F-4D58-AD45-95F7146E1979}.Release|x64.ActiveCfg = Release|Any CPU
		{E41BF7D2-231F-4D58-AD45-95F7146E1979}.Release|x64.Build.0 = Release|Any CPU
		{E41BF7D2-231F-4D58-AD45-95F7146E1979}.Release|x86.ActiveCfg = Release|Any CPU
		{E41BF7D2-231F-4D58-AD45-95F7146E1979}.Release|x86.Build.0 = Release|Any CPU
		{B91D5616-EAFD-4BF8-AAF5-051675592714}.Debug|Any CPU.ActiveCfg = Debug|Any CPU
		{B91D5616-EAFD-4BF8-AAF5-051675592714}.Debug|Any CPU.Build.0 = Debug|Any CPU
		{B91D5616-EAFD-4BF8-AAF5-051675592714}.Debug|x64.ActiveCfg = Debug|Any CPU
		{B91D5616-EAFD-4BF8-AAF5-051675592714}.Debug|x64.Build.0 = Debug|Any CPU
		{B91D5616-EAFD-4BF8-AAF5-051675592714}.Debug|x86.ActiveCfg = Debug|Any CPU
		{B91D5616-EAFD-4BF8-AAF5-051675592714}.Debug|x86.Build.0 = Debug|Any CPU
		{B91D5616-EAFD-4BF8-AAF5-051675592714}.Debug-fast-test|Any CPU.ActiveCfg = Debug-fast-test|Any CPU
		{B91D5616-EAFD-4BF8-AAF5-051675592714}.Debug-fast-test|Any CPU.Build.0 = Debug-fast-test|Any CPU
		{B91D5616-EAFD-4BF8-AAF5-051675592714}.Debug-fast-test|x64.ActiveCfg = Debug-fast-test|Any CPU
		{B91D5616-EAFD-4BF8-AAF5-051675592714}.Debug-fast-test|x64.Build.0 = Debug-fast-test|Any CPU
		{B91D5616-EAFD-4BF8-AAF5-051675592714}.Debug-fast-test|x86.ActiveCfg = Debug-fast-test|Any CPU
		{B91D5616-EAFD-4BF8-AAF5-051675592714}.Debug-fast-test|x86.Build.0 = Debug-fast-test|Any CPU
		{B91D5616-EAFD-4BF8-AAF5-051675592714}.Release|Any CPU.ActiveCfg = Release|Any CPU
		{B91D5616-EAFD-4BF8-AAF5-051675592714}.Release|Any CPU.Build.0 = Release|Any CPU
		{B91D5616-EAFD-4BF8-AAF5-051675592714}.Release|x64.ActiveCfg = Release|Any CPU
		{B91D5616-EAFD-4BF8-AAF5-051675592714}.Release|x64.Build.0 = Release|Any CPU
		{B91D5616-EAFD-4BF8-AAF5-051675592714}.Release|x86.ActiveCfg = Release|Any CPU
		{B91D5616-EAFD-4BF8-AAF5-051675592714}.Release|x86.Build.0 = Release|Any CPU
		{21B1D90E-F201-4EF0-B4E9-A99315945F1D}.Debug|Any CPU.ActiveCfg = Debug|Any CPU
		{21B1D90E-F201-4EF0-B4E9-A99315945F1D}.Debug|Any CPU.Build.0 = Debug|Any CPU
		{21B1D90E-F201-4EF0-B4E9-A99315945F1D}.Debug|x64.ActiveCfg = Debug|Any CPU
		{21B1D90E-F201-4EF0-B4E9-A99315945F1D}.Debug|x64.Build.0 = Debug|Any CPU
		{21B1D90E-F201-4EF0-B4E9-A99315945F1D}.Debug|x86.ActiveCfg = Debug|Any CPU
		{21B1D90E-F201-4EF0-B4E9-A99315945F1D}.Debug|x86.Build.0 = Debug|Any CPU
		{21B1D90E-F201-4EF0-B4E9-A99315945F1D}.Debug-fast-test|Any CPU.ActiveCfg = Debug|Any CPU
		{21B1D90E-F201-4EF0-B4E9-A99315945F1D}.Debug-fast-test|Any CPU.Build.0 = Debug|Any CPU
		{21B1D90E-F201-4EF0-B4E9-A99315945F1D}.Debug-fast-test|x64.ActiveCfg = Debug|Any CPU
		{21B1D90E-F201-4EF0-B4E9-A99315945F1D}.Debug-fast-test|x64.Build.0 = Debug|Any CPU
		{21B1D90E-F201-4EF0-B4E9-A99315945F1D}.Debug-fast-test|x86.ActiveCfg = Debug|Any CPU
		{21B1D90E-F201-4EF0-B4E9-A99315945F1D}.Debug-fast-test|x86.Build.0 = Debug|Any CPU
		{21B1D90E-F201-4EF0-B4E9-A99315945F1D}.Release|Any CPU.ActiveCfg = Release|Any CPU
		{21B1D90E-F201-4EF0-B4E9-A99315945F1D}.Release|Any CPU.Build.0 = Release|Any CPU
		{21B1D90E-F201-4EF0-B4E9-A99315945F1D}.Release|x64.ActiveCfg = Release|Any CPU
		{21B1D90E-F201-4EF0-B4E9-A99315945F1D}.Release|x64.Build.0 = Release|Any CPU
		{21B1D90E-F201-4EF0-B4E9-A99315945F1D}.Release|x86.ActiveCfg = Release|Any CPU
		{21B1D90E-F201-4EF0-B4E9-A99315945F1D}.Release|x86.Build.0 = Release|Any CPU
		{164CDDCD-DB12-4998-B822-3ADC9C8A7072}.Debug|Any CPU.ActiveCfg = Debug|Any CPU
		{164CDDCD-DB12-4998-B822-3ADC9C8A7072}.Debug|Any CPU.Build.0 = Debug|Any CPU
		{164CDDCD-DB12-4998-B822-3ADC9C8A7072}.Debug|x64.ActiveCfg = Debug|Any CPU
		{164CDDCD-DB12-4998-B822-3ADC9C8A7072}.Debug|x64.Build.0 = Debug|Any CPU
		{164CDDCD-DB12-4998-B822-3ADC9C8A7072}.Debug|x86.ActiveCfg = Debug|Any CPU
		{164CDDCD-DB12-4998-B822-3ADC9C8A7072}.Debug|x86.Build.0 = Debug|Any CPU
		{164CDDCD-DB12-4998-B822-3ADC9C8A7072}.Debug-fast-test|Any CPU.ActiveCfg = Debug|Any CPU
		{164CDDCD-DB12-4998-B822-3ADC9C8A7072}.Debug-fast-test|Any CPU.Build.0 = Debug|Any CPU
		{164CDDCD-DB12-4998-B822-3ADC9C8A7072}.Debug-fast-test|x64.ActiveCfg = Debug|Any CPU
		{164CDDCD-DB12-4998-B822-3ADC9C8A7072}.Debug-fast-test|x64.Build.0 = Debug|Any CPU
		{164CDDCD-DB12-4998-B822-3ADC9C8A7072}.Debug-fast-test|x86.ActiveCfg = Debug|Any CPU
		{164CDDCD-DB12-4998-B822-3ADC9C8A7072}.Debug-fast-test|x86.Build.0 = Debug|Any CPU
		{164CDDCD-DB12-4998-B822-3ADC9C8A7072}.Release|Any CPU.ActiveCfg = Release|Any CPU
		{164CDDCD-DB12-4998-B822-3ADC9C8A7072}.Release|Any CPU.Build.0 = Release|Any CPU
		{164CDDCD-DB12-4998-B822-3ADC9C8A7072}.Release|x64.ActiveCfg = Release|Any CPU
		{164CDDCD-DB12-4998-B822-3ADC9C8A7072}.Release|x64.Build.0 = Release|Any CPU
		{164CDDCD-DB12-4998-B822-3ADC9C8A7072}.Release|x86.ActiveCfg = Release|Any CPU
		{164CDDCD-DB12-4998-B822-3ADC9C8A7072}.Release|x86.Build.0 = Release|Any CPU
		{36F8A922-028E-49DD-BBD6-D7DAAB339491}.Debug|Any CPU.ActiveCfg = Debug|Any CPU
		{36F8A922-028E-49DD-BBD6-D7DAAB339491}.Debug|Any CPU.Build.0 = Debug|Any CPU
		{36F8A922-028E-49DD-BBD6-D7DAAB339491}.Debug|x64.ActiveCfg = Debug|Any CPU
		{36F8A922-028E-49DD-BBD6-D7DAAB339491}.Debug|x64.Build.0 = Debug|Any CPU
		{36F8A922-028E-49DD-BBD6-D7DAAB339491}.Debug|x86.ActiveCfg = Debug|Any CPU
		{36F8A922-028E-49DD-BBD6-D7DAAB339491}.Debug|x86.Build.0 = Debug|Any CPU
		{36F8A922-028E-49DD-BBD6-D7DAAB339491}.Debug-fast-test|Any CPU.ActiveCfg = Debug|Any CPU
		{36F8A922-028E-49DD-BBD6-D7DAAB339491}.Debug-fast-test|Any CPU.Build.0 = Debug|Any CPU
		{36F8A922-028E-49DD-BBD6-D7DAAB339491}.Debug-fast-test|x64.ActiveCfg = Debug|Any CPU
		{36F8A922-028E-49DD-BBD6-D7DAAB339491}.Debug-fast-test|x64.Build.0 = Debug|Any CPU
		{36F8A922-028E-49DD-BBD6-D7DAAB339491}.Debug-fast-test|x86.ActiveCfg = Debug|Any CPU
		{36F8A922-028E-49DD-BBD6-D7DAAB339491}.Debug-fast-test|x86.Build.0 = Debug|Any CPU
		{36F8A922-028E-49DD-BBD6-D7DAAB339491}.Release|Any CPU.ActiveCfg = Release|Any CPU
		{36F8A922-028E-49DD-BBD6-D7DAAB339491}.Release|Any CPU.Build.0 = Release|Any CPU
		{36F8A922-028E-49DD-BBD6-D7DAAB339491}.Release|x64.ActiveCfg = Release|Any CPU
		{36F8A922-028E-49DD-BBD6-D7DAAB339491}.Release|x64.Build.0 = Release|Any CPU
		{36F8A922-028E-49DD-BBD6-D7DAAB339491}.Release|x86.ActiveCfg = Release|Any CPU
		{36F8A922-028E-49DD-BBD6-D7DAAB339491}.Release|x86.Build.0 = Release|Any CPU
		{1C0BEB70-F243-4A53-983E-CE25A1B722F6}.Debug|Any CPU.ActiveCfg = Debug|Any CPU
		{1C0BEB70-F243-4A53-983E-CE25A1B722F6}.Debug|Any CPU.Build.0 = Debug|Any CPU
		{1C0BEB70-F243-4A53-983E-CE25A1B722F6}.Debug|x64.ActiveCfg = Debug|Any CPU
		{1C0BEB70-F243-4A53-983E-CE25A1B722F6}.Debug|x64.Build.0 = Debug|Any CPU
		{1C0BEB70-F243-4A53-983E-CE25A1B722F6}.Debug|x86.ActiveCfg = Debug|Any CPU
		{1C0BEB70-F243-4A53-983E-CE25A1B722F6}.Debug|x86.Build.0 = Debug|Any CPU
		{1C0BEB70-F243-4A53-983E-CE25A1B722F6}.Debug-fast-test|Any CPU.ActiveCfg = Debug|Any CPU
		{1C0BEB70-F243-4A53-983E-CE25A1B722F6}.Debug-fast-test|Any CPU.Build.0 = Debug|Any CPU
		{1C0BEB70-F243-4A53-983E-CE25A1B722F6}.Debug-fast-test|x64.ActiveCfg = Debug|Any CPU
		{1C0BEB70-F243-4A53-983E-CE25A1B722F6}.Debug-fast-test|x64.Build.0 = Debug|Any CPU
		{1C0BEB70-F243-4A53-983E-CE25A1B722F6}.Debug-fast-test|x86.ActiveCfg = Debug|Any CPU
		{1C0BEB70-F243-4A53-983E-CE25A1B722F6}.Debug-fast-test|x86.Build.0 = Debug|Any CPU
		{1C0BEB70-F243-4A53-983E-CE25A1B722F6}.Release|Any CPU.ActiveCfg = Release|Any CPU
		{1C0BEB70-F243-4A53-983E-CE25A1B722F6}.Release|Any CPU.Build.0 = Release|Any CPU
		{1C0BEB70-F243-4A53-983E-CE25A1B722F6}.Release|x64.ActiveCfg = Release|Any CPU
		{1C0BEB70-F243-4A53-983E-CE25A1B722F6}.Release|x64.Build.0 = Release|Any CPU
		{1C0BEB70-F243-4A53-983E-CE25A1B722F6}.Release|x86.ActiveCfg = Release|Any CPU
		{1C0BEB70-F243-4A53-983E-CE25A1B722F6}.Release|x86.Build.0 = Release|Any CPU
		{B04813EA-A4B5-40AE-B705-743687F74770}.Debug|Any CPU.ActiveCfg = Debug|Any CPU
		{B04813EA-A4B5-40AE-B705-743687F74770}.Debug|Any CPU.Build.0 = Debug|Any CPU
		{B04813EA-A4B5-40AE-B705-743687F74770}.Debug|x64.ActiveCfg = Debug|Any CPU
		{B04813EA-A4B5-40AE-B705-743687F74770}.Debug|x64.Build.0 = Debug|Any CPU
		{B04813EA-A4B5-40AE-B705-743687F74770}.Debug|x86.ActiveCfg = Debug|x86
		{B04813EA-A4B5-40AE-B705-743687F74770}.Debug|x86.Build.0 = Debug|x86
		{B04813EA-A4B5-40AE-B705-743687F74770}.Debug-fast-test|Any CPU.ActiveCfg = Debug-fast-test|Any CPU
		{B04813EA-A4B5-40AE-B705-743687F74770}.Debug-fast-test|Any CPU.Build.0 = Debug-fast-test|Any CPU
		{B04813EA-A4B5-40AE-B705-743687F74770}.Debug-fast-test|x64.ActiveCfg = Debug-fast-test|Any CPU
		{B04813EA-A4B5-40AE-B705-743687F74770}.Debug-fast-test|x64.Build.0 = Debug-fast-test|Any CPU
		{B04813EA-A4B5-40AE-B705-743687F74770}.Debug-fast-test|x86.ActiveCfg = Debug-fast-test|x86
		{B04813EA-A4B5-40AE-B705-743687F74770}.Debug-fast-test|x86.Build.0 = Debug-fast-test|x86
		{B04813EA-A4B5-40AE-B705-743687F74770}.Release|Any CPU.ActiveCfg = Release|Any CPU
		{B04813EA-A4B5-40AE-B705-743687F74770}.Release|Any CPU.Build.0 = Release|Any CPU
		{B04813EA-A4B5-40AE-B705-743687F74770}.Release|x64.ActiveCfg = Release|Any CPU
		{B04813EA-A4B5-40AE-B705-743687F74770}.Release|x64.Build.0 = Release|Any CPU
		{B04813EA-A4B5-40AE-B705-743687F74770}.Release|x86.ActiveCfg = Release|x86
		{B04813EA-A4B5-40AE-B705-743687F74770}.Release|x86.Build.0 = Release|x86
		{317A142C-6AE2-4CC1-90A7-5752B9ED76F3}.Debug|Any CPU.ActiveCfg = Debug|Any CPU
		{317A142C-6AE2-4CC1-90A7-5752B9ED76F3}.Debug|Any CPU.Build.0 = Debug|Any CPU
		{317A142C-6AE2-4CC1-90A7-5752B9ED76F3}.Debug|x64.ActiveCfg = Debug|Any CPU
		{317A142C-6AE2-4CC1-90A7-5752B9ED76F3}.Debug|x64.Build.0 = Debug|Any CPU
		{317A142C-6AE2-4CC1-90A7-5752B9ED76F3}.Debug|x86.ActiveCfg = Debug|x86
		{317A142C-6AE2-4CC1-90A7-5752B9ED76F3}.Debug|x86.Build.0 = Debug|x86
		{317A142C-6AE2-4CC1-90A7-5752B9ED76F3}.Debug-fast-test|Any CPU.ActiveCfg = Debug-fast-test|Any CPU
		{317A142C-6AE2-4CC1-90A7-5752B9ED76F3}.Debug-fast-test|Any CPU.Build.0 = Debug-fast-test|Any CPU
		{317A142C-6AE2-4CC1-90A7-5752B9ED76F3}.Debug-fast-test|x64.ActiveCfg = Debug-fast-test|Any CPU
		{317A142C-6AE2-4CC1-90A7-5752B9ED76F3}.Debug-fast-test|x64.Build.0 = Debug-fast-test|Any CPU
		{317A142C-6AE2-4CC1-90A7-5752B9ED76F3}.Debug-fast-test|x86.ActiveCfg = Debug-fast-test|x86
		{317A142C-6AE2-4CC1-90A7-5752B9ED76F3}.Debug-fast-test|x86.Build.0 = Debug-fast-test|x86
		{317A142C-6AE2-4CC1-90A7-5752B9ED76F3}.Release|Any CPU.ActiveCfg = Release|Any CPU
		{317A142C-6AE2-4CC1-90A7-5752B9ED76F3}.Release|Any CPU.Build.0 = Release|Any CPU
		{317A142C-6AE2-4CC1-90A7-5752B9ED76F3}.Release|x64.ActiveCfg = Release|Any CPU
		{317A142C-6AE2-4CC1-90A7-5752B9ED76F3}.Release|x64.Build.0 = Release|Any CPU
		{317A142C-6AE2-4CC1-90A7-5752B9ED76F3}.Release|x86.ActiveCfg = Release|x86
		{317A142C-6AE2-4CC1-90A7-5752B9ED76F3}.Release|x86.Build.0 = Release|x86
		{9DF3CAC5-0C31-49F0-A71E-27B9CEFC6553}.Debug|Any CPU.ActiveCfg = Debug|Any CPU
		{9DF3CAC5-0C31-49F0-A71E-27B9CEFC6553}.Debug|Any CPU.Build.0 = Debug|Any CPU
		{9DF3CAC5-0C31-49F0-A71E-27B9CEFC6553}.Debug|x64.ActiveCfg = Debug|Any CPU
		{9DF3CAC5-0C31-49F0-A71E-27B9CEFC6553}.Debug|x64.Build.0 = Debug|Any CPU
		{9DF3CAC5-0C31-49F0-A71E-27B9CEFC6553}.Debug|x86.ActiveCfg = Debug|Any CPU
		{9DF3CAC5-0C31-49F0-A71E-27B9CEFC6553}.Debug|x86.Build.0 = Debug|Any CPU
		{9DF3CAC5-0C31-49F0-A71E-27B9CEFC6553}.Debug-fast-test|Any CPU.ActiveCfg = Debug|Any CPU
		{9DF3CAC5-0C31-49F0-A71E-27B9CEFC6553}.Debug-fast-test|Any CPU.Build.0 = Debug|Any CPU
		{9DF3CAC5-0C31-49F0-A71E-27B9CEFC6553}.Debug-fast-test|x64.ActiveCfg = Debug|Any CPU
		{9DF3CAC5-0C31-49F0-A71E-27B9CEFC6553}.Debug-fast-test|x64.Build.0 = Debug|Any CPU
		{9DF3CAC5-0C31-49F0-A71E-27B9CEFC6553}.Debug-fast-test|x86.ActiveCfg = Debug|Any CPU
		{9DF3CAC5-0C31-49F0-A71E-27B9CEFC6553}.Debug-fast-test|x86.Build.0 = Debug|Any CPU
		{9DF3CAC5-0C31-49F0-A71E-27B9CEFC6553}.Release|Any CPU.ActiveCfg = Release|Any CPU
		{9DF3CAC5-0C31-49F0-A71E-27B9CEFC6553}.Release|Any CPU.Build.0 = Release|Any CPU
		{9DF3CAC5-0C31-49F0-A71E-27B9CEFC6553}.Release|x64.ActiveCfg = Release|Any CPU
		{9DF3CAC5-0C31-49F0-A71E-27B9CEFC6553}.Release|x64.Build.0 = Release|Any CPU
		{9DF3CAC5-0C31-49F0-A71E-27B9CEFC6553}.Release|x86.ActiveCfg = Release|Any CPU
		{9DF3CAC5-0C31-49F0-A71E-27B9CEFC6553}.Release|x86.Build.0 = Release|Any CPU
		{8A858CD7-7834-4365-8F4D-4FAA0361DE7F}.Debug|Any CPU.ActiveCfg = Debug|Any CPU
		{8A858CD7-7834-4365-8F4D-4FAA0361DE7F}.Debug|Any CPU.Build.0 = Debug|Any CPU
		{8A858CD7-7834-4365-8F4D-4FAA0361DE7F}.Debug|x64.ActiveCfg = Debug|Any CPU
		{8A858CD7-7834-4365-8F4D-4FAA0361DE7F}.Debug|x64.Build.0 = Debug|Any CPU
		{8A858CD7-7834-4365-8F4D-4FAA0361DE7F}.Debug|x86.ActiveCfg = Debug|Any CPU
		{8A858CD7-7834-4365-8F4D-4FAA0361DE7F}.Debug|x86.Build.0 = Debug|Any CPU
		{8A858CD7-7834-4365-8F4D-4FAA0361DE7F}.Debug-fast-test|Any CPU.ActiveCfg = Debug|Any CPU
		{8A858CD7-7834-4365-8F4D-4FAA0361DE7F}.Debug-fast-test|Any CPU.Build.0 = Debug|Any CPU
		{8A858CD7-7834-4365-8F4D-4FAA0361DE7F}.Debug-fast-test|x64.ActiveCfg = Debug|Any CPU
		{8A858CD7-7834-4365-8F4D-4FAA0361DE7F}.Debug-fast-test|x64.Build.0 = Debug|Any CPU
		{8A858CD7-7834-4365-8F4D-4FAA0361DE7F}.Debug-fast-test|x86.ActiveCfg = Debug|Any CPU
		{8A858CD7-7834-4365-8F4D-4FAA0361DE7F}.Debug-fast-test|x86.Build.0 = Debug|Any CPU
		{8A858CD7-7834-4365-8F4D-4FAA0361DE7F}.Release|Any CPU.ActiveCfg = Release|Any CPU
		{8A858CD7-7834-4365-8F4D-4FAA0361DE7F}.Release|Any CPU.Build.0 = Release|Any CPU
		{8A858CD7-7834-4365-8F4D-4FAA0361DE7F}.Release|x64.ActiveCfg = Release|Any CPU
		{8A858CD7-7834-4365-8F4D-4FAA0361DE7F}.Release|x64.Build.0 = Release|Any CPU
		{8A858CD7-7834-4365-8F4D-4FAA0361DE7F}.Release|x86.ActiveCfg = Release|Any CPU
		{8A858CD7-7834-4365-8F4D-4FAA0361DE7F}.Release|x86.Build.0 = Release|Any CPU
		{107CEBC6-409B-47CA-A248-4A5E03D86E66}.Debug|Any CPU.ActiveCfg = Debug|Any CPU
		{107CEBC6-409B-47CA-A248-4A5E03D86E66}.Debug|Any CPU.Build.0 = Debug|Any CPU
		{107CEBC6-409B-47CA-A248-4A5E03D86E66}.Debug|x64.ActiveCfg = Debug|Any CPU
		{107CEBC6-409B-47CA-A248-4A5E03D86E66}.Debug|x64.Build.0 = Debug|Any CPU
		{107CEBC6-409B-47CA-A248-4A5E03D86E66}.Debug|x86.ActiveCfg = Debug|Any CPU
		{107CEBC6-409B-47CA-A248-4A5E03D86E66}.Debug|x86.Build.0 = Debug|Any CPU
		{107CEBC6-409B-47CA-A248-4A5E03D86E66}.Debug-fast-test|Any CPU.ActiveCfg = Debug|Any CPU
		{107CEBC6-409B-47CA-A248-4A5E03D86E66}.Debug-fast-test|Any CPU.Build.0 = Debug|Any CPU
		{107CEBC6-409B-47CA-A248-4A5E03D86E66}.Debug-fast-test|x64.ActiveCfg = Debug|Any CPU
		{107CEBC6-409B-47CA-A248-4A5E03D86E66}.Debug-fast-test|x64.Build.0 = Debug|Any CPU
		{107CEBC6-409B-47CA-A248-4A5E03D86E66}.Debug-fast-test|x86.ActiveCfg = Debug|Any CPU
		{107CEBC6-409B-47CA-A248-4A5E03D86E66}.Debug-fast-test|x86.Build.0 = Debug|Any CPU
		{107CEBC6-409B-47CA-A248-4A5E03D86E66}.Release|Any CPU.ActiveCfg = Release|Any CPU
		{107CEBC6-409B-47CA-A248-4A5E03D86E66}.Release|Any CPU.Build.0 = Release|Any CPU
		{107CEBC6-409B-47CA-A248-4A5E03D86E66}.Release|x64.ActiveCfg = Release|Any CPU
		{107CEBC6-409B-47CA-A248-4A5E03D86E66}.Release|x64.Build.0 = Release|Any CPU
		{107CEBC6-409B-47CA-A248-4A5E03D86E66}.Release|x86.ActiveCfg = Release|Any CPU
		{107CEBC6-409B-47CA-A248-4A5E03D86E66}.Release|x86.Build.0 = Release|Any CPU
		{68EF34BF-36C9-4E33-9ACD-7B9D7B746F29}.Debug|Any CPU.ActiveCfg = Debug|Any CPU
		{68EF34BF-36C9-4E33-9ACD-7B9D7B746F29}.Debug|Any CPU.Build.0 = Debug|Any CPU
		{68EF34BF-36C9-4E33-9ACD-7B9D7B746F29}.Debug|x64.ActiveCfg = Debug|Any CPU
		{68EF34BF-36C9-4E33-9ACD-7B9D7B746F29}.Debug|x64.Build.0 = Debug|Any CPU
		{68EF34BF-36C9-4E33-9ACD-7B9D7B746F29}.Debug|x86.ActiveCfg = Debug|Any CPU
		{68EF34BF-36C9-4E33-9ACD-7B9D7B746F29}.Debug|x86.Build.0 = Debug|Any CPU
		{68EF34BF-36C9-4E33-9ACD-7B9D7B746F29}.Debug-fast-test|Any CPU.ActiveCfg = Debug|Any CPU
		{68EF34BF-36C9-4E33-9ACD-7B9D7B746F29}.Debug-fast-test|Any CPU.Build.0 = Debug|Any CPU
		{68EF34BF-36C9-4E33-9ACD-7B9D7B746F29}.Debug-fast-test|x64.ActiveCfg = Debug|Any CPU
		{68EF34BF-36C9-4E33-9ACD-7B9D7B746F29}.Debug-fast-test|x64.Build.0 = Debug|Any CPU
		{68EF34BF-36C9-4E33-9ACD-7B9D7B746F29}.Debug-fast-test|x86.ActiveCfg = Debug|Any CPU
		{68EF34BF-36C9-4E33-9ACD-7B9D7B746F29}.Debug-fast-test|x86.Build.0 = Debug|Any CPU
		{68EF34BF-36C9-4E33-9ACD-7B9D7B746F29}.Release|Any CPU.ActiveCfg = Release|Any CPU
		{68EF34BF-36C9-4E33-9ACD-7B9D7B746F29}.Release|Any CPU.Build.0 = Release|Any CPU
		{68EF34BF-36C9-4E33-9ACD-7B9D7B746F29}.Release|x64.ActiveCfg = Release|Any CPU
		{68EF34BF-36C9-4E33-9ACD-7B9D7B746F29}.Release|x64.Build.0 = Release|Any CPU
		{68EF34BF-36C9-4E33-9ACD-7B9D7B746F29}.Release|x86.ActiveCfg = Release|Any CPU
		{68EF34BF-36C9-4E33-9ACD-7B9D7B746F29}.Release|x86.Build.0 = Release|Any CPU
		{6D1BC42E-FFEA-4F4A-9375-328D0DE7269D}.Debug|Any CPU.ActiveCfg = Debug|Any CPU
		{6D1BC42E-FFEA-4F4A-9375-328D0DE7269D}.Debug|Any CPU.Build.0 = Debug|Any CPU
		{6D1BC42E-FFEA-4F4A-9375-328D0DE7269D}.Debug|x64.ActiveCfg = Debug|Any CPU
		{6D1BC42E-FFEA-4F4A-9375-328D0DE7269D}.Debug|x64.Build.0 = Debug|Any CPU
		{6D1BC42E-FFEA-4F4A-9375-328D0DE7269D}.Debug|x86.ActiveCfg = Debug|Any CPU
		{6D1BC42E-FFEA-4F4A-9375-328D0DE7269D}.Debug|x86.Build.0 = Debug|Any CPU
		{6D1BC42E-FFEA-4F4A-9375-328D0DE7269D}.Debug-fast-test|Any CPU.ActiveCfg = Debug|Any CPU
		{6D1BC42E-FFEA-4F4A-9375-328D0DE7269D}.Debug-fast-test|Any CPU.Build.0 = Debug|Any CPU
		{6D1BC42E-FFEA-4F4A-9375-328D0DE7269D}.Debug-fast-test|x64.ActiveCfg = Debug|Any CPU
		{6D1BC42E-FFEA-4F4A-9375-328D0DE7269D}.Debug-fast-test|x64.Build.0 = Debug|Any CPU
		{6D1BC42E-FFEA-4F4A-9375-328D0DE7269D}.Debug-fast-test|x86.ActiveCfg = Debug|Any CPU
		{6D1BC42E-FFEA-4F4A-9375-328D0DE7269D}.Debug-fast-test|x86.Build.0 = Debug|Any CPU
		{6D1BC42E-FFEA-4F4A-9375-328D0DE7269D}.Release|Any CPU.ActiveCfg = Release|Any CPU
		{6D1BC42E-FFEA-4F4A-9375-328D0DE7269D}.Release|Any CPU.Build.0 = Release|Any CPU
		{6D1BC42E-FFEA-4F4A-9375-328D0DE7269D}.Release|x64.ActiveCfg = Release|Any CPU
		{6D1BC42E-FFEA-4F4A-9375-328D0DE7269D}.Release|x64.Build.0 = Release|Any CPU
		{6D1BC42E-FFEA-4F4A-9375-328D0DE7269D}.Release|x86.ActiveCfg = Release|Any CPU
		{6D1BC42E-FFEA-4F4A-9375-328D0DE7269D}.Release|x86.Build.0 = Release|Any CPU
		{30754F3C-6EBC-4021-B0B7-53EA312DA707}.Debug|Any CPU.ActiveCfg = Debug|Any CPU
		{30754F3C-6EBC-4021-B0B7-53EA312DA707}.Debug|Any CPU.Build.0 = Debug|Any CPU
		{30754F3C-6EBC-4021-B0B7-53EA312DA707}.Debug|x64.ActiveCfg = Debug|Any CPU
		{30754F3C-6EBC-4021-B0B7-53EA312DA707}.Debug|x64.Build.0 = Debug|Any CPU
		{30754F3C-6EBC-4021-B0B7-53EA312DA707}.Debug|x86.ActiveCfg = Debug|Any CPU
		{30754F3C-6EBC-4021-B0B7-53EA312DA707}.Debug|x86.Build.0 = Debug|Any CPU
		{30754F3C-6EBC-4021-B0B7-53EA312DA707}.Debug-fast-test|Any CPU.ActiveCfg = Debug|Any CPU
		{30754F3C-6EBC-4021-B0B7-53EA312DA707}.Debug-fast-test|Any CPU.Build.0 = Debug|Any CPU
		{30754F3C-6EBC-4021-B0B7-53EA312DA707}.Debug-fast-test|x64.ActiveCfg = Debug|Any CPU
		{30754F3C-6EBC-4021-B0B7-53EA312DA707}.Debug-fast-test|x64.Build.0 = Debug|Any CPU
		{30754F3C-6EBC-4021-B0B7-53EA312DA707}.Debug-fast-test|x86.ActiveCfg = Debug|Any CPU
		{30754F3C-6EBC-4021-B0B7-53EA312DA707}.Debug-fast-test|x86.Build.0 = Debug|Any CPU
		{30754F3C-6EBC-4021-B0B7-53EA312DA707}.Release|Any CPU.ActiveCfg = Release|Any CPU
		{30754F3C-6EBC-4021-B0B7-53EA312DA707}.Release|Any CPU.Build.0 = Release|Any CPU
		{30754F3C-6EBC-4021-B0B7-53EA312DA707}.Release|x64.ActiveCfg = Release|Any CPU
		{30754F3C-6EBC-4021-B0B7-53EA312DA707}.Release|x64.Build.0 = Release|Any CPU
		{30754F3C-6EBC-4021-B0B7-53EA312DA707}.Release|x86.ActiveCfg = Release|Any CPU
		{30754F3C-6EBC-4021-B0B7-53EA312DA707}.Release|x86.Build.0 = Release|Any CPU
		{5898E952-8C43-40B7-9527-EB814650D50F}.Debug|Any CPU.ActiveCfg = Debug|Any CPU
		{5898E952-8C43-40B7-9527-EB814650D50F}.Debug|Any CPU.Build.0 = Debug|Any CPU
		{5898E952-8C43-40B7-9527-EB814650D50F}.Debug|x64.ActiveCfg = Debug|Any CPU
		{5898E952-8C43-40B7-9527-EB814650D50F}.Debug|x64.Build.0 = Debug|Any CPU
		{5898E952-8C43-40B7-9527-EB814650D50F}.Debug|x86.ActiveCfg = Debug|Any CPU
		{5898E952-8C43-40B7-9527-EB814650D50F}.Debug|x86.Build.0 = Debug|Any CPU
		{5898E952-8C43-40B7-9527-EB814650D50F}.Debug-fast-test|Any CPU.ActiveCfg = Debug|Any CPU
		{5898E952-8C43-40B7-9527-EB814650D50F}.Debug-fast-test|Any CPU.Build.0 = Debug|Any CPU
		{5898E952-8C43-40B7-9527-EB814650D50F}.Debug-fast-test|x64.ActiveCfg = Debug|Any CPU
		{5898E952-8C43-40B7-9527-EB814650D50F}.Debug-fast-test|x64.Build.0 = Debug|Any CPU
		{5898E952-8C43-40B7-9527-EB814650D50F}.Debug-fast-test|x86.ActiveCfg = Debug|Any CPU
		{5898E952-8C43-40B7-9527-EB814650D50F}.Debug-fast-test|x86.Build.0 = Debug|Any CPU
		{5898E952-8C43-40B7-9527-EB814650D50F}.Release|Any CPU.ActiveCfg = Release|Any CPU
		{5898E952-8C43-40B7-9527-EB814650D50F}.Release|Any CPU.Build.0 = Release|Any CPU
		{5898E952-8C43-40B7-9527-EB814650D50F}.Release|x64.ActiveCfg = Release|Any CPU
		{5898E952-8C43-40B7-9527-EB814650D50F}.Release|x64.Build.0 = Release|Any CPU
		{5898E952-8C43-40B7-9527-EB814650D50F}.Release|x86.ActiveCfg = Release|Any CPU
		{5898E952-8C43-40B7-9527-EB814650D50F}.Release|x86.Build.0 = Release|Any CPU
		{82AF3B95-2454-4866-816D-2EE690349EF0}.Debug|Any CPU.ActiveCfg = Debug|Any CPU
		{82AF3B95-2454-4866-816D-2EE690349EF0}.Debug|Any CPU.Build.0 = Debug|Any CPU
		{82AF3B95-2454-4866-816D-2EE690349EF0}.Debug|x64.ActiveCfg = Debug|Any CPU
		{82AF3B95-2454-4866-816D-2EE690349EF0}.Debug|x64.Build.0 = Debug|Any CPU
		{82AF3B95-2454-4866-816D-2EE690349EF0}.Debug|x86.ActiveCfg = Debug|Any CPU
		{82AF3B95-2454-4866-816D-2EE690349EF0}.Debug|x86.Build.0 = Debug|Any CPU
		{82AF3B95-2454-4866-816D-2EE690349EF0}.Debug-fast-test|Any CPU.ActiveCfg = Debug|Any CPU
		{82AF3B95-2454-4866-816D-2EE690349EF0}.Debug-fast-test|Any CPU.Build.0 = Debug|Any CPU
		{82AF3B95-2454-4866-816D-2EE690349EF0}.Debug-fast-test|x64.ActiveCfg = Debug|Any CPU
		{82AF3B95-2454-4866-816D-2EE690349EF0}.Debug-fast-test|x64.Build.0 = Debug|Any CPU
		{82AF3B95-2454-4866-816D-2EE690349EF0}.Debug-fast-test|x86.ActiveCfg = Debug|Any CPU
		{82AF3B95-2454-4866-816D-2EE690349EF0}.Debug-fast-test|x86.Build.0 = Debug|Any CPU
		{82AF3B95-2454-4866-816D-2EE690349EF0}.Release|Any CPU.ActiveCfg = Release|Any CPU
		{82AF3B95-2454-4866-816D-2EE690349EF0}.Release|Any CPU.Build.0 = Release|Any CPU
		{82AF3B95-2454-4866-816D-2EE690349EF0}.Release|x64.ActiveCfg = Release|Any CPU
		{82AF3B95-2454-4866-816D-2EE690349EF0}.Release|x64.Build.0 = Release|Any CPU
		{82AF3B95-2454-4866-816D-2EE690349EF0}.Release|x86.ActiveCfg = Release|Any CPU
		{82AF3B95-2454-4866-816D-2EE690349EF0}.Release|x86.Build.0 = Release|Any CPU
		{9C42C9B5-331E-4EC5-B47F-AE9DA1C89AD6}.Debug|Any CPU.ActiveCfg = Debug|Any CPU
		{9C42C9B5-331E-4EC5-B47F-AE9DA1C89AD6}.Debug|Any CPU.Build.0 = Debug|Any CPU
		{9C42C9B5-331E-4EC5-B47F-AE9DA1C89AD6}.Debug|x64.ActiveCfg = Debug|Any CPU
		{9C42C9B5-331E-4EC5-B47F-AE9DA1C89AD6}.Debug|x64.Build.0 = Debug|Any CPU
		{9C42C9B5-331E-4EC5-B47F-AE9DA1C89AD6}.Debug|x86.ActiveCfg = Debug|x86
		{9C42C9B5-331E-4EC5-B47F-AE9DA1C89AD6}.Debug|x86.Build.0 = Debug|x86
		{9C42C9B5-331E-4EC5-B47F-AE9DA1C89AD6}.Debug-fast-test|Any CPU.ActiveCfg = Debug|Any CPU
		{9C42C9B5-331E-4EC5-B47F-AE9DA1C89AD6}.Debug-fast-test|Any CPU.Build.0 = Debug|Any CPU
		{9C42C9B5-331E-4EC5-B47F-AE9DA1C89AD6}.Debug-fast-test|x64.ActiveCfg = Debug|Any CPU
		{9C42C9B5-331E-4EC5-B47F-AE9DA1C89AD6}.Debug-fast-test|x64.Build.0 = Debug|Any CPU
		{9C42C9B5-331E-4EC5-B47F-AE9DA1C89AD6}.Debug-fast-test|x86.ActiveCfg = Debug|x86
		{9C42C9B5-331E-4EC5-B47F-AE9DA1C89AD6}.Debug-fast-test|x86.Build.0 = Debug|x86
		{9C42C9B5-331E-4EC5-B47F-AE9DA1C89AD6}.Release|Any CPU.ActiveCfg = Release|Any CPU
		{9C42C9B5-331E-4EC5-B47F-AE9DA1C89AD6}.Release|Any CPU.Build.0 = Release|Any CPU
		{9C42C9B5-331E-4EC5-B47F-AE9DA1C89AD6}.Release|x64.ActiveCfg = Release|Any CPU
		{9C42C9B5-331E-4EC5-B47F-AE9DA1C89AD6}.Release|x64.Build.0 = Release|Any CPU
		{9C42C9B5-331E-4EC5-B47F-AE9DA1C89AD6}.Release|x86.ActiveCfg = Release|x86
		{9C42C9B5-331E-4EC5-B47F-AE9DA1C89AD6}.Release|x86.Build.0 = Release|x86
		{7A02118A-50AC-4ED5-8247-0899782DDD2F}.Debug|Any CPU.ActiveCfg = Debug|Any CPU
		{7A02118A-50AC-4ED5-8247-0899782DDD2F}.Debug|Any CPU.Build.0 = Debug|Any CPU
		{7A02118A-50AC-4ED5-8247-0899782DDD2F}.Debug|x64.ActiveCfg = Debug|Any CPU
		{7A02118A-50AC-4ED5-8247-0899782DDD2F}.Debug|x64.Build.0 = Debug|Any CPU
		{7A02118A-50AC-4ED5-8247-0899782DDD2F}.Debug|x86.ActiveCfg = Debug|x86
		{7A02118A-50AC-4ED5-8247-0899782DDD2F}.Debug|x86.Build.0 = Debug|x86
		{7A02118A-50AC-4ED5-8247-0899782DDD2F}.Debug-fast-test|Any CPU.ActiveCfg = Debug|Any CPU
		{7A02118A-50AC-4ED5-8247-0899782DDD2F}.Debug-fast-test|Any CPU.Build.0 = Debug|Any CPU
		{7A02118A-50AC-4ED5-8247-0899782DDD2F}.Debug-fast-test|x64.ActiveCfg = Debug|Any CPU
		{7A02118A-50AC-4ED5-8247-0899782DDD2F}.Debug-fast-test|x64.Build.0 = Debug|Any CPU
		{7A02118A-50AC-4ED5-8247-0899782DDD2F}.Debug-fast-test|x86.ActiveCfg = Debug|x86
		{7A02118A-50AC-4ED5-8247-0899782DDD2F}.Debug-fast-test|x86.Build.0 = Debug|x86
		{7A02118A-50AC-4ED5-8247-0899782DDD2F}.Release|Any CPU.ActiveCfg = Release|Any CPU
		{7A02118A-50AC-4ED5-8247-0899782DDD2F}.Release|Any CPU.Build.0 = Release|Any CPU
		{7A02118A-50AC-4ED5-8247-0899782DDD2F}.Release|x64.ActiveCfg = Release|Any CPU
		{7A02118A-50AC-4ED5-8247-0899782DDD2F}.Release|x64.Build.0 = Release|Any CPU
		{7A02118A-50AC-4ED5-8247-0899782DDD2F}.Release|x86.ActiveCfg = Release|x86
		{7A02118A-50AC-4ED5-8247-0899782DDD2F}.Release|x86.Build.0 = Release|x86
		{5D2983FF-352B-4F86-896D-86B6FB946539}.Debug|Any CPU.ActiveCfg = Debug|Any CPU
		{5D2983FF-352B-4F86-896D-86B6FB946539}.Debug|Any CPU.Build.0 = Debug|Any CPU
		{5D2983FF-352B-4F86-896D-86B6FB946539}.Debug|x64.ActiveCfg = Debug|Any CPU
		{5D2983FF-352B-4F86-896D-86B6FB946539}.Debug|x64.Build.0 = Debug|Any CPU
		{5D2983FF-352B-4F86-896D-86B6FB946539}.Debug|x86.ActiveCfg = Debug|x86
		{5D2983FF-352B-4F86-896D-86B6FB946539}.Debug|x86.Build.0 = Debug|x86
		{5D2983FF-352B-4F86-896D-86B6FB946539}.Debug-fast-test|Any CPU.ActiveCfg = Debug|Any CPU
		{5D2983FF-352B-4F86-896D-86B6FB946539}.Debug-fast-test|Any CPU.Build.0 = Debug|Any CPU
		{5D2983FF-352B-4F86-896D-86B6FB946539}.Debug-fast-test|x64.ActiveCfg = Debug|Any CPU
		{5D2983FF-352B-4F86-896D-86B6FB946539}.Debug-fast-test|x64.Build.0 = Debug|Any CPU
		{5D2983FF-352B-4F86-896D-86B6FB946539}.Debug-fast-test|x86.ActiveCfg = Debug|x86
		{5D2983FF-352B-4F86-896D-86B6FB946539}.Debug-fast-test|x86.Build.0 = Debug|x86
		{5D2983FF-352B-4F86-896D-86B6FB946539}.Release|Any CPU.ActiveCfg = Release|Any CPU
		{5D2983FF-352B-4F86-896D-86B6FB946539}.Release|Any CPU.Build.0 = Release|Any CPU
		{5D2983FF-352B-4F86-896D-86B6FB946539}.Release|x64.ActiveCfg = Release|Any CPU
		{5D2983FF-352B-4F86-896D-86B6FB946539}.Release|x64.Build.0 = Release|Any CPU
		{5D2983FF-352B-4F86-896D-86B6FB946539}.Release|x86.ActiveCfg = Release|x86
		{5D2983FF-352B-4F86-896D-86B6FB946539}.Release|x86.Build.0 = Release|x86
		{4BA1344E-047E-4430-B271-771EC4990A3D}.Debug|Any CPU.ActiveCfg = Debug|Any CPU
		{4BA1344E-047E-4430-B271-771EC4990A3D}.Debug|Any CPU.Build.0 = Debug|Any CPU
		{4BA1344E-047E-4430-B271-771EC4990A3D}.Debug|x64.ActiveCfg = Debug|Any CPU
		{4BA1344E-047E-4430-B271-771EC4990A3D}.Debug|x64.Build.0 = Debug|Any CPU
		{4BA1344E-047E-4430-B271-771EC4990A3D}.Debug|x86.ActiveCfg = Debug|x86
		{4BA1344E-047E-4430-B271-771EC4990A3D}.Debug|x86.Build.0 = Debug|x86
		{4BA1344E-047E-4430-B271-771EC4990A3D}.Debug-fast-test|Any CPU.ActiveCfg = Debug|Any CPU
		{4BA1344E-047E-4430-B271-771EC4990A3D}.Debug-fast-test|Any CPU.Build.0 = Debug|Any CPU
		{4BA1344E-047E-4430-B271-771EC4990A3D}.Debug-fast-test|x64.ActiveCfg = Debug|Any CPU
		{4BA1344E-047E-4430-B271-771EC4990A3D}.Debug-fast-test|x64.Build.0 = Debug|Any CPU
		{4BA1344E-047E-4430-B271-771EC4990A3D}.Debug-fast-test|x86.ActiveCfg = Debug|x86
		{4BA1344E-047E-4430-B271-771EC4990A3D}.Debug-fast-test|x86.Build.0 = Debug|x86
		{4BA1344E-047E-4430-B271-771EC4990A3D}.Release|Any CPU.ActiveCfg = Release|Any CPU
		{4BA1344E-047E-4430-B271-771EC4990A3D}.Release|Any CPU.Build.0 = Release|Any CPU
		{4BA1344E-047E-4430-B271-771EC4990A3D}.Release|x64.ActiveCfg = Release|Any CPU
		{4BA1344E-047E-4430-B271-771EC4990A3D}.Release|x64.Build.0 = Release|Any CPU
		{4BA1344E-047E-4430-B271-771EC4990A3D}.Release|x86.ActiveCfg = Release|x86
		{4BA1344E-047E-4430-B271-771EC4990A3D}.Release|x86.Build.0 = Release|x86
		{C7B598E7-4B31-4A92-9B53-022A25E50002}.Debug|Any CPU.ActiveCfg = Debug|Any CPU
		{C7B598E7-4B31-4A92-9B53-022A25E50002}.Debug|Any CPU.Build.0 = Debug|Any CPU
		{C7B598E7-4B31-4A92-9B53-022A25E50002}.Debug|x64.ActiveCfg = Debug|Any CPU
		{C7B598E7-4B31-4A92-9B53-022A25E50002}.Debug|x64.Build.0 = Debug|Any CPU
		{C7B598E7-4B31-4A92-9B53-022A25E50002}.Debug|x86.ActiveCfg = Debug|x86
		{C7B598E7-4B31-4A92-9B53-022A25E50002}.Debug|x86.Build.0 = Debug|x86
		{C7B598E7-4B31-4A92-9B53-022A25E50002}.Debug-fast-test|Any CPU.ActiveCfg = Debug-fast-test|Any CPU
		{C7B598E7-4B31-4A92-9B53-022A25E50002}.Debug-fast-test|Any CPU.Build.0 = Debug-fast-test|Any CPU
		{C7B598E7-4B31-4A92-9B53-022A25E50002}.Debug-fast-test|x64.ActiveCfg = Debug-fast-test|Any CPU
		{C7B598E7-4B31-4A92-9B53-022A25E50002}.Debug-fast-test|x64.Build.0 = Debug-fast-test|Any CPU
		{C7B598E7-4B31-4A92-9B53-022A25E50002}.Debug-fast-test|x86.ActiveCfg = Debug-fast-test|x86
		{C7B598E7-4B31-4A92-9B53-022A25E50002}.Debug-fast-test|x86.Build.0 = Debug-fast-test|x86
		{C7B598E7-4B31-4A92-9B53-022A25E50002}.Release|Any CPU.ActiveCfg = Release|Any CPU
		{C7B598E7-4B31-4A92-9B53-022A25E50002}.Release|Any CPU.Build.0 = Release|Any CPU
		{C7B598E7-4B31-4A92-9B53-022A25E50002}.Release|x64.ActiveCfg = Release|Any CPU
		{C7B598E7-4B31-4A92-9B53-022A25E50002}.Release|x64.Build.0 = Release|Any CPU
		{C7B598E7-4B31-4A92-9B53-022A25E50002}.Release|x86.ActiveCfg = Release|x86
		{C7B598E7-4B31-4A92-9B53-022A25E50002}.Release|x86.Build.0 = Release|x86
		{68595174-3D36-433D-A6A0-00A07A7911FA}.Debug|Any CPU.ActiveCfg = Debug|Any CPU
		{68595174-3D36-433D-A6A0-00A07A7911FA}.Debug|Any CPU.Build.0 = Debug|Any CPU
		{68595174-3D36-433D-A6A0-00A07A7911FA}.Debug|x64.ActiveCfg = Debug|Any CPU
		{68595174-3D36-433D-A6A0-00A07A7911FA}.Debug|x64.Build.0 = Debug|Any CPU
		{68595174-3D36-433D-A6A0-00A07A7911FA}.Debug|x86.ActiveCfg = Debug|Any CPU
		{68595174-3D36-433D-A6A0-00A07A7911FA}.Debug|x86.Build.0 = Debug|Any CPU
		{68595174-3D36-433D-A6A0-00A07A7911FA}.Debug-fast-test|Any CPU.ActiveCfg = Debug|Any CPU
		{68595174-3D36-433D-A6A0-00A07A7911FA}.Debug-fast-test|Any CPU.Build.0 = Debug|Any CPU
		{68595174-3D36-433D-A6A0-00A07A7911FA}.Debug-fast-test|x64.ActiveCfg = Debug|Any CPU
		{68595174-3D36-433D-A6A0-00A07A7911FA}.Debug-fast-test|x64.Build.0 = Debug|Any CPU
		{68595174-3D36-433D-A6A0-00A07A7911FA}.Debug-fast-test|x86.ActiveCfg = Debug|Any CPU
		{68595174-3D36-433D-A6A0-00A07A7911FA}.Debug-fast-test|x86.Build.0 = Debug|Any CPU
		{68595174-3D36-433D-A6A0-00A07A7911FA}.Release|Any CPU.ActiveCfg = Release|Any CPU
		{68595174-3D36-433D-A6A0-00A07A7911FA}.Release|Any CPU.Build.0 = Release|Any CPU
		{68595174-3D36-433D-A6A0-00A07A7911FA}.Release|x64.ActiveCfg = Release|Any CPU
		{68595174-3D36-433D-A6A0-00A07A7911FA}.Release|x64.Build.0 = Release|Any CPU
		{68595174-3D36-433D-A6A0-00A07A7911FA}.Release|x86.ActiveCfg = Release|Any CPU
		{68595174-3D36-433D-A6A0-00A07A7911FA}.Release|x86.Build.0 = Release|Any CPU
		{D768367B-CF17-0A11-5BB6-B6D2CBD1EBE7}.Debug|Any CPU.ActiveCfg = Debug
		{D768367B-CF17-0A11-5BB6-B6D2CBD1EBE7}.Debug|Any CPU.Build.0 = Debug
		{D768367B-CF17-0A11-5BB6-B6D2CBD1EBE7}.Debug|x64.ActiveCfg = Debug
		{D768367B-CF17-0A11-5BB6-B6D2CBD1EBE7}.Debug|x64.Build.0 = Debug
		{D768367B-CF17-0A11-5BB6-B6D2CBD1EBE7}.Debug|x86.ActiveCfg = Debug
		{D768367B-CF17-0A11-5BB6-B6D2CBD1EBE7}.Debug|x86.Build.0 = Debug
		{D768367B-CF17-0A11-5BB6-B6D2CBD1EBE7}.Debug-fast-test|Any CPU.ActiveCfg = Debug
		{D768367B-CF17-0A11-5BB6-B6D2CBD1EBE7}.Debug-fast-test|Any CPU.Build.0 = Debug
		{D768367B-CF17-0A11-5BB6-B6D2CBD1EBE7}.Debug-fast-test|x64.ActiveCfg = Debug
		{D768367B-CF17-0A11-5BB6-B6D2CBD1EBE7}.Debug-fast-test|x64.Build.0 = Debug
		{D768367B-CF17-0A11-5BB6-B6D2CBD1EBE7}.Debug-fast-test|x86.ActiveCfg = Debug
		{D768367B-CF17-0A11-5BB6-B6D2CBD1EBE7}.Debug-fast-test|x86.Build.0 = Debug
		{D768367B-CF17-0A11-5BB6-B6D2CBD1EBE7}.Release|Any CPU.ActiveCfg = Release
		{D768367B-CF17-0A11-5BB6-B6D2CBD1EBE7}.Release|Any CPU.Build.0 = Release
		{D768367B-CF17-0A11-5BB6-B6D2CBD1EBE7}.Release|x64.ActiveCfg = Release
		{D768367B-CF17-0A11-5BB6-B6D2CBD1EBE7}.Release|x64.Build.0 = Release
		{D768367B-CF17-0A11-5BB6-B6D2CBD1EBE7}.Release|x86.ActiveCfg = Release
		{D768367B-CF17-0A11-5BB6-B6D2CBD1EBE7}.Release|x86.Build.0 = Release
	EndGlobalSection
	GlobalSection(SolutionProperties) = preSolution
		HideSolutionNode = FALSE
	EndGlobalSection
	GlobalSection(ExtensibilityGlobals) = postSolution
		SolutionGuid = {E957EBB3-1EB8-4718-8F80-22FABC38D06A}
		EnterpriseLibraryConfigurationToolBinariesPathV6 = packages\EnterpriseLibrary.TransientFaultHandling.6.0.1304.0\lib\portable-net45+win+wp8;packages\EnterpriseLibrary.TransientFaultHandling.Data.6.0.1304.1\lib\NET45
	EndGlobalSection
EndGlobal
