
Microsoft Visual Studio Solution File, Format Version 12.00
# Visual Studio 14
VisualStudioVersion = 14.0.25420.1
MinimumVisualStudioVersion = 10.0.40219.1
Project("{FAE04EC0-301F-11D3-BF4B-00C04F79EFBC}") = "DataBaseConnectionCodeFirst", "..\dominatorhouse-social\DataBaseConnectionCodeFirst\DataBaseConnectionCodeFirst.csproj", "{86643B31-B55D-435F-8AF5-75542DD8FCCB}"
EndProject
Project("{FAE04EC0-301F-11D3-BF4B-00C04F79EFBC}") = "DominatorHouseCore", "..\dominatorhouse-social\DominatorHouseCore\DominatorHouseCore.csproj", "{F40A5C83-8EDA-43C5-88B9-DFAAB492A497}"
EndProject
Project("{FAE04EC0-301F-11D3-BF4B-00C04F79EFBC}") = "DominatorUIUtility", "..\dominatorhouse-social\DominatorUIUtility\DominatorUIUtility.csproj", "{E8D95AF0-E99B-4059-9140-5C02B3F52E06}"
EndProject
Project("{FAE04EC0-301F-11D3-BF4B-00C04F79EFBC}") = "YoutubeDominatorCore", "YoutubeDominatorCore\YoutubeDominatorCore.csproj", "{9C42C9B5-331E-4EC5-B47F-AE9DA1C89AD6}"
EndProject
Project("{FAE04EC0-301F-11D3-BF4B-00C04F79EFBC}") = "YoutubeDominatorUI", "YoutubeDominatorUI\YoutubeDominatorUI.csproj", "{7A02118A-50AC-4ED5-8247-0899782DDD2F}"
EndProject
Project("{FAE04EC0-301F-11D3-BF4B-00C04F79EFBC}") = "DominatorHouse", "..\dominatorhouse-social\DominatorHouse\DominatorHouse.csproj", "{C7B598E7-4B31-4A92-9B53-022A25E50002}"
EndProject
Global
	GlobalSection(SolutionConfigurationPlatforms) = preSolution
		Debug|Any CPU = Debug|Any CPU
		Debug|x86 = Debug|x86
		Release|Any CPU = Release|Any CPU
		Release|x86 = Release|x86
	EndGlobalSection
	GlobalSection(ProjectConfigurationPlatforms) = postSolution
		{86643B31-B55D-435F-8AF5-75542DD8FCCB}.Debug|Any CPU.ActiveCfg = Debug|Any CPU
		{86643B31-B55D-435F-8AF5-75542DD8FCCB}.Debug|Any CPU.Build.0 = Debug|Any CPU
		{86643B31-B55D-435F-8AF5-75542DD8FCCB}.Debug|x86.ActiveCfg = Debug|x86
		{86643B31-B55D-435F-8AF5-75542DD8FCCB}.Debug|x86.Build.0 = Debug|x86
		{86643B31-B55D-435F-8AF5-75542DD8FCCB}.Release|Any CPU.ActiveCfg = Release|Any CPU
		{86643B31-B55D-435F-8AF5-75542DD8FCCB}.Release|Any CPU.Build.0 = Release|Any CPU
		{86643B31-B55D-435F-8AF5-75542DD8FCCB}.Release|x86.ActiveCfg = Release|x86
		{86643B31-B55D-435F-8AF5-75542DD8FCCB}.Release|x86.Build.0 = Release|x86
		{F40A5C83-8EDA-43C5-88B9-DFAAB492A497}.Debug|Any CPU.ActiveCfg = Debug|Any CPU
		{F40A5C83-8EDA-43C5-88B9-DFAAB492A497}.Debug|Any CPU.Build.0 = Debug|Any CPU
		{F40A5C83-8EDA-43C5-88B9-DFAAB492A497}.Debug|x86.ActiveCfg = Debug|x86
		{F40A5C83-8EDA-43C5-88B9-DFAAB492A497}.Debug|x86.Build.0 = Debug|x86
		{F40A5C83-8EDA-43C5-88B9-DFAAB492A497}.Release|Any CPU.ActiveCfg = Release|Any CPU
		{F40A5C83-8EDA-43C5-88B9-DFAAB492A497}.Release|Any CPU.Build.0 = Release|Any CPU
		{F40A5C83-8EDA-43C5-88B9-DFAAB492A497}.Release|x86.ActiveCfg = Release|x86
		{F40A5C83-8EDA-43C5-88B9-DFAAB492A497}.Release|x86.Build.0 = Release|x86
		{E8D95AF0-E99B-4059-9140-5C02B3F52E06}.Debug|Any CPU.ActiveCfg = Debug|Any CPU
		{E8D95AF0-E99B-4059-9140-5C02B3F52E06}.Debug|Any CPU.Build.0 = Debug|Any CPU
		{E8D95AF0-E99B-4059-9140-5C02B3F52E06}.Debug|x86.ActiveCfg = Debug|x86
		{E8D95AF0-E99B-4059-9140-5C02B3F52E06}.Debug|x86.Build.0 = Debug|x86
		{E8D95AF0-E99B-4059-9140-5C02B3F52E06}.Release|Any CPU.ActiveCfg = Release|Any CPU
		{E8D95AF0-E99B-4059-9140-5C02B3F52E06}.Release|Any CPU.Build.0 = Release|Any CPU
		{E8D95AF0-E99B-4059-9140-5C02B3F52E06}.Release|x86.ActiveCfg = Release|x86
		{E8D95AF0-E99B-4059-9140-5C02B3F52E06}.Release|x86.Build.0 = Release|x86
		{9C42C9B5-331E-4EC5-B47F-AE9DA1C89AD6}.Debug|Any CPU.ActiveCfg = Debug|Any CPU
		{9C42C9B5-331E-4EC5-B47F-AE9DA1C89AD6}.Debug|Any CPU.Build.0 = Debug|Any CPU
		{9C42C9B5-331E-4EC5-B47F-AE9DA1C89AD6}.Debug|x86.ActiveCfg = Debug|Any CPU
		{9C42C9B5-331E-4EC5-B47F-AE9DA1C89AD6}.Debug|x86.Build.0 = Debug|Any CPU
		{9C42C9B5-331E-4EC5-B47F-AE9DA1C89AD6}.Release|Any CPU.ActiveCfg = Release|Any CPU
		{9C42C9B5-331E-4EC5-B47F-AE9DA1C89AD6}.Release|Any CPU.Build.0 = Release|Any CPU
		{9C42C9B5-331E-4EC5-B47F-AE9DA1C89AD6}.Release|x86.ActiveCfg = Release|Any CPU
		{9C42C9B5-331E-4EC5-B47F-AE9DA1C89AD6}.Release|x86.Build.0 = Release|Any CPU
		{7A02118A-50AC-4ED5-8247-0899782DDD2F}.Debug|Any CPU.ActiveCfg = Debug|Any CPU
		{7A02118A-50AC-4ED5-8247-0899782DDD2F}.Debug|Any CPU.Build.0 = Debug|Any CPU
		{7A02118A-50AC-4ED5-8247-0899782DDD2F}.Debug|x86.ActiveCfg = Debug|Any CPU
		{7A02118A-50AC-4ED5-8247-0899782DDD2F}.Debug|x86.Build.0 = Debug|Any CPU
		{7A02118A-50AC-4ED5-8247-0899782DDD2F}.Release|Any CPU.ActiveCfg = Release|Any CPU
		{7A02118A-50AC-4ED5-8247-0899782DDD2F}.Release|Any CPU.Build.0 = Release|Any CPU
		{7A02118A-50AC-4ED5-8247-0899782DDD2F}.Release|x86.ActiveCfg = Release|Any CPU
		{7A02118A-50AC-4ED5-8247-0899782DDD2F}.Release|x86.Build.0 = Release|Any CPU
		{C7B598E7-4B31-4A92-9B53-022A25E50002}.Debug|Any CPU.ActiveCfg = Debug|Any CPU
		{C7B598E7-4B31-4A92-9B53-022A25E50002}.Debug|Any CPU.Build.0 = Debug|Any CPU
		{C7B598E7-4B31-4A92-9B53-022A25E50002}.Debug|x86.ActiveCfg = Debug|x86
		{C7B598E7-4B31-4A92-9B53-022A25E50002}.Debug|x86.Build.0 = Debug|x86
		{C7B598E7-4B31-4A92-9B53-022A25E50002}.Release|Any CPU.ActiveCfg = Release|Any CPU
		{C7B598E7-4B31-4A92-9B53-022A25E50002}.Release|Any CPU.Build.0 = Release|Any CPU
		{C7B598E7-4B31-4A92-9B53-022A25E50002}.Release|x86.ActiveCfg = Release|x86
		{C7B598E7-4B31-4A92-9B53-022A25E50002}.Release|x86.Build.0 = Release|x86
	EndGlobalSection
	GlobalSection(SolutionProperties) = preSolution
		HideSolutionNode = FALSE
	EndGlobalSection
EndGlobal
